// !$*UTF8*$!
{
	archiveVersion = 1;
	classes = {
	};
	objectVersion = 46;
	objects = {

/* Begin PBXBuildFile section */
		215DC009C8799211B009D2CF /* Pods_ADTemViewUITests.framework in Frameworks */ = {isa = PBXBuildFile; fileRef = 347E61E60F92A6A4590AFC31 /* Pods_ADTemViewUITests.framework */; };
		63990A39B69816BBEE6C7B76 /* Pods_ADTemViewTests.framework in Frameworks */ = {isa = PBXBuildFile; fileRef = B152BE1094E9F53D916A25AE /* Pods_ADTemViewTests.framework */; };
		76D5ED341EC9945B0077D20C /* AppDelegate.swift in Sources */ = {isa = PBXBuildFile; fileRef = 76D5ED331EC9945B0077D20C /* AppDelegate.swift */; };
		76D5ED391EC9945C0077D20C /* Main.storyboard in Resources */ = {isa = PBXBuildFile; fileRef = 76D5ED371EC9945C0077D20C /* Main.storyboard */; };
		76D5ED3C1EC9945D0077D20C /* ADTemView.xcdatamodeld in Sources */ = {isa = PBXBuildFile; fileRef = 76D5ED3A1EC9945D0077D20C /* ADTemView.xcdatamodeld */; };
		76D5ED3E1EC9945D0077D20C /* Assets.xcassets in Resources */ = {isa = PBXBuildFile; fileRef = 76D5ED3D1EC9945D0077D20C /* Assets.xcassets */; };
		76D5ED411EC9945D0077D20C /* LaunchScreen.storyboard in Resources */ = {isa = PBXBuildFile; fileRef = 76D5ED3F1EC9945D0077D20C /* LaunchScreen.storyboard */; };
		76D5ED4C1EC9945E0077D20C /* ADTemViewTests.swift in Sources */ = {isa = PBXBuildFile; fileRef = 76D5ED4B1EC9945E0077D20C /* ADTemViewTests.swift */; };
		76D5ED571EC9945E0077D20C /* ADTemViewUITests.swift in Sources */ = {isa = PBXBuildFile; fileRef = 76D5ED561EC9945E0077D20C /* ADTemViewUITests.swift */; };
		76D5ED6E1EC99C100077D20C /* ADBaseViewController.swift in Sources */ = {isa = PBXBuildFile; fileRef = 76D5ED6D1EC99C100077D20C /* ADBaseViewController.swift */; };
		76D5ED711EC99D2A0077D20C /* StartPageViewController.swift in Sources */ = {isa = PBXBuildFile; fileRef = 76D5ED701EC99D2A0077D20C /* StartPageViewController.swift */; };
		76D5ED731EC9A00B0077D20C /* Constant.swift in Sources */ = {isa = PBXBuildFile; fileRef = 76D5ED721EC9A00B0077D20C /* Constant.swift */; };
		76D5ED751EC9A02E0077D20C /* ADTemView.swift in Sources */ = {isa = PBXBuildFile; fileRef = 76D5ED741EC9A02E0077D20C /* ADTemView.swift */; };
		76D5ED771EC9A8930077D20C /* Enum.swift in Sources */ = {isa = PBXBuildFile; fileRef = 76D5ED761EC9A8930077D20C /* Enum.swift */; };
		76D5ED791EC9A92C0077D20C /* StartPageSelectBLETableViewController.swift in Sources */ = {isa = PBXBuildFile; fileRef = 76D5ED781EC9A92C0077D20C /* StartPageSelectBLETableViewController.swift */; };
		76D5ED7F1EC9C7F20077D20C /* HomePageViewController.swift in Sources */ = {isa = PBXBuildFile; fileRef = 76D5ED7E1EC9C7F20077D20C /* HomePageViewController.swift */; };
		803D94382BA79E94B5F6A7A8 /* Pods_ADTemView.framework in Frameworks */ = {isa = PBXBuildFile; fileRef = 982569E366BBDD5048679D07 /* Pods_ADTemView.framework */; };
		9204E7A91ECDE25A005C382D /* ADProbeList+CoreDataClass.swift in Sources */ = {isa = PBXBuildFile; fileRef = 92F20E581ECDC4F200207CD2 /* ADProbeList+CoreDataClass.swift */; };
		9204E7AA1ECDE260005C382D /* ADProbe+CoreDataClass.swift in Sources */ = {isa = PBXBuildFile; fileRef = 92F20E561ECDC4F200207CD2 /* ADProbe+CoreDataClass.swift */; };
		9204E7AB1ECE148C005C382D /* ADProbe+CoreDataProperties.swift in Sources */ = {isa = PBXBuildFile; fileRef = 92F20E571ECDC4F200207CD2 /* ADProbe+CoreDataProperties.swift */; };
		9204E7AC1ECE14BA005C382D /* ADProbeList+CoreDataProperties.swift in Sources */ = {isa = PBXBuildFile; fileRef = 92F20E591ECDC4F200207CD2 /* ADProbeList+CoreDataProperties.swift */; };
		92C0182A1ECBF06100BC546D /* Extension.swift in Sources */ = {isa = PBXBuildFile; fileRef = 92C018291ECBF06100BC546D /* Extension.swift */; };
		92C018371ECC64E800BC546D /* SettingPageViewModel.swift in Sources */ = {isa = PBXBuildFile; fileRef = 92C018361ECC64E800BC546D /* SettingPageViewModel.swift */; };
		92CFEA691ECA88D3004673DB /* SettingPageViewController.swift in Sources */ = {isa = PBXBuildFile; fileRef = 92CFEA681ECA88D3004673DB /* SettingPageViewController.swift */; };
		92CFEA6B1ECA88E3004673DB /* TablePageViewController.swift in Sources */ = {isa = PBXBuildFile; fileRef = 92CFEA6A1ECA88E3004673DB /* TablePageViewController.swift */; };
		92CFEA6E1ECA8A1C004673DB /* NavigationController.swift in Sources */ = {isa = PBXBuildFile; fileRef = 92CFEA6D1ECA8A1C004673DB /* NavigationController.swift */; };
		92CFEA781ECB10F6004673DB /* EditProbeInfoTableViewController.swift in Sources */ = {isa = PBXBuildFile; fileRef = 92CFEA771ECB10F6004673DB /* EditProbeInfoTableViewController.swift */; };
		92CFEA7A1ECB197C004673DB /* BLETableViewController.swift in Sources */ = {isa = PBXBuildFile; fileRef = 92CFEA791ECB197C004673DB /* BLETableViewController.swift */; };
		92F20E4E1ECD48AC00207CD2 /* BLEManager.m in Sources */ = {isa = PBXBuildFile; fileRef = 92F20E4D1ECD48AC00207CD2 /* BLEManager.m */; };
		92F20E541ECD838E00207CD2 /* HomePageViewModel.swift in Sources */ = {isa = PBXBuildFile; fileRef = 92F20E531ECD838E00207CD2 /* HomePageViewModel.swift */; };
		92F20E5F1ECDC6C000207CD2 /* ProbeManager.swift in Sources */ = {isa = PBXBuildFile; fileRef = 92F20E5E1ECDC6C000207CD2 /* ProbeManager.swift */; };
/* End PBXBuildFile section */

/* Begin PBXContainerItemProxy section */
		76D5ED481EC9945E0077D20C /* PBXContainerItemProxy */ = {
			isa = PBXContainerItemProxy;
			containerPortal = 76D5ED281EC9945A0077D20C /* Project object */;
			proxyType = 1;
			remoteGlobalIDString = 76D5ED2F1EC9945A0077D20C;
			remoteInfo = ADTemView;
		};
		76D5ED531EC9945E0077D20C /* PBXContainerItemProxy */ = {
			isa = PBXContainerItemProxy;
			containerPortal = 76D5ED281EC9945A0077D20C /* Project object */;
			proxyType = 1;
			remoteGlobalIDString = 76D5ED2F1EC9945A0077D20C;
			remoteInfo = ADTemView;
		};
/* End PBXContainerItemProxy section */

/* Begin PBXFileReference section */
		0FA2754782DFD9B00F9FEC75 /* Pods-ADTemViewTests.debug.xcconfig */ = {isa = PBXFileReference; includeInIndex = 1; lastKnownFileType = text.xcconfig; name = "Pods-ADTemViewTests.debug.xcconfig"; path = "Pods/Target Support Files/Pods-ADTemViewTests/Pods-ADTemViewTests.debug.xcconfig"; sourceTree = "<group>"; };
		23D5E29C62ED09C7B55FAA7D /* Pods-ADTemView.debug.xcconfig */ = {isa = PBXFileReference; includeInIndex = 1; lastKnownFileType = text.xcconfig; name = "Pods-ADTemView.debug.xcconfig"; path = "Pods/Target Support Files/Pods-ADTemView/Pods-ADTemView.debug.xcconfig"; sourceTree = "<group>"; };
		294DE1422912E6144E8CAACC /* Pods-ADTemViewUITests.debug.xcconfig */ = {isa = PBXFileReference; includeInIndex = 1; lastKnownFileType = text.xcconfig; name = "Pods-ADTemViewUITests.debug.xcconfig"; path = "Pods/Target Support Files/Pods-ADTemViewUITests/Pods-ADTemViewUITests.debug.xcconfig"; sourceTree = "<group>"; };
		347E61E60F92A6A4590AFC31 /* Pods_ADTemViewUITests.framework */ = {isa = PBXFileReference; explicitFileType = wrapper.framework; includeInIndex = 0; path = Pods_ADTemViewUITests.framework; sourceTree = BUILT_PRODUCTS_DIR; };
		76D5ED301EC9945A0077D20C /* ADTemView.app */ = {isa = PBXFileReference; explicitFileType = wrapper.application; includeInIndex = 0; path = ADTemView.app; sourceTree = BUILT_PRODUCTS_DIR; };
		76D5ED331EC9945B0077D20C /* AppDelegate.swift */ = {isa = PBXFileReference; lastKnownFileType = sourcecode.swift; path = AppDelegate.swift; sourceTree = "<group>"; };
		76D5ED381EC9945C0077D20C /* Base */ = {isa = PBXFileReference; lastKnownFileType = file.storyboard; name = Base; path = Base.lproj/Main.storyboard; sourceTree = "<group>"; };
		76D5ED3B1EC9945D0077D20C /* ADTemView.xcdatamodel */ = {isa = PBXFileReference; lastKnownFileType = wrapper.xcdatamodel; path = ADTemView.xcdatamodel; sourceTree = "<group>"; };
		76D5ED3D1EC9945D0077D20C /* Assets.xcassets */ = {isa = PBXFileReference; lastKnownFileType = folder.assetcatalog; path = Assets.xcassets; sourceTree = "<group>"; };
		76D5ED401EC9945D0077D20C /* Base */ = {isa = PBXFileReference; lastKnownFileType = file.storyboard; name = Base; path = Base.lproj/LaunchScreen.storyboard; sourceTree = "<group>"; };
		76D5ED421EC9945D0077D20C /* Info.plist */ = {isa = PBXFileReference; lastKnownFileType = text.plist.xml; path = Info.plist; sourceTree = "<group>"; };
		76D5ED471EC9945E0077D20C /* ADTemViewTests.xctest */ = {isa = PBXFileReference; explicitFileType = wrapper.cfbundle; includeInIndex = 0; path = ADTemViewTests.xctest; sourceTree = BUILT_PRODUCTS_DIR; };
		76D5ED4B1EC9945E0077D20C /* ADTemViewTests.swift */ = {isa = PBXFileReference; lastKnownFileType = sourcecode.swift; path = ADTemViewTests.swift; sourceTree = "<group>"; };
		76D5ED4D1EC9945E0077D20C /* Info.plist */ = {isa = PBXFileReference; lastKnownFileType = text.plist.xml; path = Info.plist; sourceTree = "<group>"; };
		76D5ED521EC9945E0077D20C /* ADTemViewUITests.xctest */ = {isa = PBXFileReference; explicitFileType = wrapper.cfbundle; includeInIndex = 0; path = ADTemViewUITests.xctest; sourceTree = BUILT_PRODUCTS_DIR; };
		76D5ED561EC9945E0077D20C /* ADTemViewUITests.swift */ = {isa = PBXFileReference; lastKnownFileType = sourcecode.swift; path = ADTemViewUITests.swift; sourceTree = "<group>"; };
		76D5ED581EC9945E0077D20C /* Info.plist */ = {isa = PBXFileReference; lastKnownFileType = text.plist.xml; path = Info.plist; sourceTree = "<group>"; };
		76D5ED6D1EC99C100077D20C /* ADBaseViewController.swift */ = {isa = PBXFileReference; fileEncoding = 4; lastKnownFileType = sourcecode.swift; path = ADBaseViewController.swift; sourceTree = "<group>"; };
		76D5ED701EC99D2A0077D20C /* StartPageViewController.swift */ = {isa = PBXFileReference; fileEncoding = 4; lastKnownFileType = sourcecode.swift; path = StartPageViewController.swift; sourceTree = "<group>"; };
		76D5ED721EC9A00B0077D20C /* Constant.swift */ = {isa = PBXFileReference; fileEncoding = 4; lastKnownFileType = sourcecode.swift; path = Constant.swift; sourceTree = "<group>"; };
		76D5ED741EC9A02E0077D20C /* ADTemView.swift */ = {isa = PBXFileReference; fileEncoding = 4; lastKnownFileType = sourcecode.swift; path = ADTemView.swift; sourceTree = "<group>"; };
		76D5ED761EC9A8930077D20C /* Enum.swift */ = {isa = PBXFileReference; fileEncoding = 4; lastKnownFileType = sourcecode.swift; path = Enum.swift; sourceTree = "<group>"; };
		76D5ED781EC9A92C0077D20C /* StartPageSelectBLETableViewController.swift */ = {isa = PBXFileReference; fileEncoding = 4; lastKnownFileType = sourcecode.swift; path = StartPageSelectBLETableViewController.swift; sourceTree = "<group>"; };
		76D5ED7E1EC9C7F20077D20C /* HomePageViewController.swift */ = {isa = PBXFileReference; fileEncoding = 4; lastKnownFileType = sourcecode.swift; path = HomePageViewController.swift; sourceTree = "<group>"; };
		7CBE94BC31B88B0E73DFD636 /* Pods-ADTemViewUITests.release.xcconfig */ = {isa = PBXFileReference; includeInIndex = 1; lastKnownFileType = text.xcconfig; name = "Pods-ADTemViewUITests.release.xcconfig"; path = "Pods/Target Support Files/Pods-ADTemViewUITests/Pods-ADTemViewUITests.release.xcconfig"; sourceTree = "<group>"; };
		8041DD52C9708B3D7EACDF0A /* Pods-ADTemViewTests.release.xcconfig */ = {isa = PBXFileReference; includeInIndex = 1; lastKnownFileType = text.xcconfig; name = "Pods-ADTemViewTests.release.xcconfig"; path = "Pods/Target Support Files/Pods-ADTemViewTests/Pods-ADTemViewTests.release.xcconfig"; sourceTree = "<group>"; };
		9060848F9D75705887C1AA65 /* Pods-ADTemView.release.xcconfig */ = {isa = PBXFileReference; includeInIndex = 1; lastKnownFileType = text.xcconfig; name = "Pods-ADTemView.release.xcconfig"; path = "Pods/Target Support Files/Pods-ADTemView/Pods-ADTemView.release.xcconfig"; sourceTree = "<group>"; };
		92C018291ECBF06100BC546D /* Extension.swift */ = {isa = PBXFileReference; fileEncoding = 4; lastKnownFileType = sourcecode.swift; path = Extension.swift; sourceTree = "<group>"; };
		92C018361ECC64E800BC546D /* SettingPageViewModel.swift */ = {isa = PBXFileReference; fileEncoding = 4; lastKnownFileType = sourcecode.swift; path = SettingPageViewModel.swift; sourceTree = "<group>"; };
		92CFEA681ECA88D3004673DB /* SettingPageViewController.swift */ = {isa = PBXFileReference; fileEncoding = 4; lastKnownFileType = sourcecode.swift; path = SettingPageViewController.swift; sourceTree = "<group>"; };
		92CFEA6A1ECA88E3004673DB /* TablePageViewController.swift */ = {isa = PBXFileReference; fileEncoding = 4; lastKnownFileType = sourcecode.swift; path = TablePageViewController.swift; sourceTree = "<group>"; };
		92CFEA6D1ECA8A1C004673DB /* NavigationController.swift */ = {isa = PBXFileReference; fileEncoding = 4; lastKnownFileType = sourcecode.swift; path = NavigationController.swift; sourceTree = "<group>"; };
		92CFEA6F1ECA93F5004673DB /* ADTemView-Briding-Header.h */ = {isa = PBXFileReference; lastKnownFileType = sourcecode.c.h; path = "ADTemView-Briding-Header.h"; sourceTree = "<group>"; };
		92CFEA771ECB10F6004673DB /* EditProbeInfoTableViewController.swift */ = {isa = PBXFileReference; fileEncoding = 4; lastKnownFileType = sourcecode.swift; path = EditProbeInfoTableViewController.swift; sourceTree = "<group>"; };
		92CFEA791ECB197C004673DB /* BLETableViewController.swift */ = {isa = PBXFileReference; fileEncoding = 4; lastKnownFileType = sourcecode.swift; path = BLETableViewController.swift; sourceTree = "<group>"; };
		92F20E4C1ECD48AC00207CD2 /* BLEManager.h */ = {isa = PBXFileReference; fileEncoding = 4; lastKnownFileType = sourcecode.c.h; path = BLEManager.h; sourceTree = "<group>"; };
		92F20E4D1ECD48AC00207CD2 /* BLEManager.m */ = {isa = PBXFileReference; fileEncoding = 4; lastKnownFileType = sourcecode.c.objc; path = BLEManager.m; sourceTree = "<group>"; };
		92F20E4F1ECD6E2400207CD2 /* MBProgressHUD.framework */ = {isa = PBXFileReference; lastKnownFileType = wrapper.framework; name = MBProgressHUD.framework; path = "Pods/../build/Debug-iphoneos/MBProgressHUD/MBProgressHUD.framework"; sourceTree = "<group>"; };
		92F20E511ECD6E2700207CD2 /* Charts.framework */ = {isa = PBXFileReference; lastKnownFileType = wrapper.framework; name = Charts.framework; path = "../../Library/Developer/Xcode/DerivedData/ADTemView-hbtdkrwghhjwyvckbhekupzglmua/Build/Products/Debug-iphoneos/Charts/Charts.framework"; sourceTree = "<group>"; };
		92F20E531ECD838E00207CD2 /* HomePageViewModel.swift */ = {isa = PBXFileReference; fileEncoding = 4; lastKnownFileType = sourcecode.swift; path = HomePageViewModel.swift; sourceTree = "<group>"; };
		92F20E561ECDC4F200207CD2 /* ADProbe+CoreDataClass.swift */ = {isa = PBXFileReference; fileEncoding = 4; lastKnownFileType = sourcecode.swift; path = "ADProbe+CoreDataClass.swift"; sourceTree = "<group>"; };
		92F20E571ECDC4F200207CD2 /* ADProbe+CoreDataProperties.swift */ = {isa = PBXFileReference; fileEncoding = 4; lastKnownFileType = sourcecode.swift; path = "ADProbe+CoreDataProperties.swift"; sourceTree = "<group>"; };
		92F20E581ECDC4F200207CD2 /* ADProbeList+CoreDataClass.swift */ = {isa = PBXFileReference; fileEncoding = 4; lastKnownFileType = sourcecode.swift; path = "ADProbeList+CoreDataClass.swift"; sourceTree = "<group>"; };
		92F20E591ECDC4F200207CD2 /* ADProbeList+CoreDataProperties.swift */ = {isa = PBXFileReference; fileEncoding = 4; lastKnownFileType = sourcecode.swift; path = "ADProbeList+CoreDataProperties.swift"; sourceTree = "<group>"; };
		92F20E5E1ECDC6C000207CD2 /* ProbeManager.swift */ = {isa = PBXFileReference; fileEncoding = 4; lastKnownFileType = sourcecode.swift; path = ProbeManager.swift; sourceTree = "<group>"; };
		982569E366BBDD5048679D07 /* Pods_ADTemView.framework */ = {isa = PBXFileReference; explicitFileType = wrapper.framework; includeInIndex = 0; path = Pods_ADTemView.framework; sourceTree = BUILT_PRODUCTS_DIR; };
		B152BE1094E9F53D916A25AE /* Pods_ADTemViewTests.framework */ = {isa = PBXFileReference; explicitFileType = wrapper.framework; includeInIndex = 0; path = Pods_ADTemViewTests.framework; sourceTree = BUILT_PRODUCTS_DIR; };
/* End PBXFileReference section */

/* Begin PBXFrameworksBuildPhase section */
		76D5ED2D1EC9945A0077D20C /* Frameworks */ = {
			isa = PBXFrameworksBuildPhase;
			buildActionMask = 2147483647;
			files = (
				803D94382BA79E94B5F6A7A8 /* Pods_ADTemView.framework in Frameworks */,
			);
			runOnlyForDeploymentPostprocessing = 0;
		};
		76D5ED441EC9945E0077D20C /* Frameworks */ = {
			isa = PBXFrameworksBuildPhase;
			buildActionMask = 2147483647;
			files = (
				63990A39B69816BBEE6C7B76 /* Pods_ADTemViewTests.framework in Frameworks */,
			);
			runOnlyForDeploymentPostprocessing = 0;
		};
		76D5ED4F1EC9945E0077D20C /* Frameworks */ = {
			isa = PBXFrameworksBuildPhase;
			buildActionMask = 2147483647;
			files = (
				215DC009C8799211B009D2CF /* Pods_ADTemViewUITests.framework in Frameworks */,
			);
			runOnlyForDeploymentPostprocessing = 0;
		};
/* End PBXFrameworksBuildPhase section */

/* Begin PBXGroup section */
		6CEF5A529BCA4347052C8345 /* Frameworks */ = {
			isa = PBXGroup;
			children = (
				92F20E511ECD6E2700207CD2 /* Charts.framework */,
				92F20E4F1ECD6E2400207CD2 /* MBProgressHUD.framework */,
				982569E366BBDD5048679D07 /* Pods_ADTemView.framework */,
				B152BE1094E9F53D916A25AE /* Pods_ADTemViewTests.framework */,
				347E61E60F92A6A4590AFC31 /* Pods_ADTemViewUITests.framework */,
			);
			name = Frameworks;
			sourceTree = "<group>";
		};
		76D5ED271EC9945A0077D20C = {
			isa = PBXGroup;
			children = (
				76D5ED321EC9945A0077D20C /* ADTemView */,
				76D5ED4A1EC9945E0077D20C /* ADTemViewTests */,
				76D5ED551EC9945E0077D20C /* ADTemViewUITests */,
				76D5ED311EC9945A0077D20C /* Products */,
				ED08992B9FB1BF844F391627 /* Pods */,
				6CEF5A529BCA4347052C8345 /* Frameworks */,
			);
			sourceTree = "<group>";
		};
		76D5ED311EC9945A0077D20C /* Products */ = {
			isa = PBXGroup;
			children = (
				76D5ED301EC9945A0077D20C /* ADTemView.app */,
				76D5ED471EC9945E0077D20C /* ADTemViewTests.xctest */,
				76D5ED521EC9945E0077D20C /* ADTemViewUITests.xctest */,
			);
			name = Products;
			sourceTree = "<group>";
		};
		76D5ED321EC9945A0077D20C /* ADTemView */ = {
			isa = PBXGroup;
			children = (
				76D5ED331EC9945B0077D20C /* AppDelegate.swift */,
				92F20E4A1ECD488F00207CD2 /* libs */,
				76D5ED651EC995970077D20C /* Common */,
				76D5ED661EC995970077D20C /* Constant */,
				76D5ED671EC995970077D20C /* Controllers */,
				92C018311ECC5FC100BC546D /* Model */,
				92C018321ECC5FC100BC546D /* ViewModels */,
				92C018331ECC5FC100BC546D /* Views */,
				76D5ED371EC9945C0077D20C /* Main.storyboard */,
				76D5ED3F1EC9945D0077D20C /* LaunchScreen.storyboard */,
				92CFEA6F1ECA93F5004673DB /* ADTemView-Briding-Header.h */,
				76D5ED3D1EC9945D0077D20C /* Assets.xcassets */,
				76D5ED421EC9945D0077D20C /* Info.plist */,
				76D5ED3A1EC9945D0077D20C /* ADTemView.xcdatamodeld */,
			);
			path = ADTemView;
			sourceTree = "<group>";
		};
		76D5ED4A1EC9945E0077D20C /* ADTemViewTests */ = {
			isa = PBXGroup;
			children = (
				76D5ED4B1EC9945E0077D20C /* ADTemViewTests.swift */,
				76D5ED4D1EC9945E0077D20C /* Info.plist */,
			);
			path = ADTemViewTests;
			sourceTree = "<group>";
		};
		76D5ED551EC9945E0077D20C /* ADTemViewUITests */ = {
			isa = PBXGroup;
			children = (
				76D5ED561EC9945E0077D20C /* ADTemViewUITests.swift */,
				76D5ED581EC9945E0077D20C /* Info.plist */,
			);
			path = ADTemViewUITests;
			sourceTree = "<group>";
		};
		76D5ED651EC995970077D20C /* Common */ = {
			isa = PBXGroup;
			children = (
				76D5ED741EC9A02E0077D20C /* ADTemView.swift */,
				76D5ED761EC9A8930077D20C /* Enum.swift */,
				92C018291ECBF06100BC546D /* Extension.swift */,
			);
			path = Common;
			sourceTree = "<group>";
		};
		76D5ED661EC995970077D20C /* Constant */ = {
			isa = PBXGroup;
			children = (
				76D5ED721EC9A00B0077D20C /* Constant.swift */,
			);
			path = Constant;
			sourceTree = "<group>";
		};
		76D5ED671EC995970077D20C /* Controllers */ = {
			isa = PBXGroup;
			children = (
				92CFEA6C1ECA89F6004673DB /* NavigationController */,
				76D5ED6F1EC99CEF0077D20C /* StartPageViewController */,
				76D5ED7D1EC9C7BC0077D20C /* HomePageViewController */,
				92CFEA661ECA88B2004673DB /* SettingPageViewController */,
				92CFEA671ECA88BD004673DB /* TablePageViewController */,
				76D5ED6D1EC99C100077D20C /* ADBaseViewController.swift */,
			);
			path = Controllers;
			sourceTree = "<group>";
		};
		76D5ED6F1EC99CEF0077D20C /* StartPageViewController */ = {
			isa = PBXGroup;
			children = (
				76D5ED701EC99D2A0077D20C /* StartPageViewController.swift */,
				76D5ED781EC9A92C0077D20C /* StartPageSelectBLETableViewController.swift */,
			);
			path = StartPageViewController;
			sourceTree = "<group>";
		};
		76D5ED7D1EC9C7BC0077D20C /* HomePageViewController */ = {
			isa = PBXGroup;
			children = (
				76D5ED7E1EC9C7F20077D20C /* HomePageViewController.swift */,
				92CFEA771ECB10F6004673DB /* EditProbeInfoTableViewController.swift */,
				92CFEA791ECB197C004673DB /* BLETableViewController.swift */,
			);
			path = HomePageViewController;
			sourceTree = "<group>";
		};
		92C018311ECC5FC100BC546D /* Model */ = {
			isa = PBXGroup;
			children = (
				92F20E5E1ECDC6C000207CD2 /* ProbeManager.swift */,
				92F20E561ECDC4F200207CD2 /* ADProbe+CoreDataClass.swift */,
				92F20E571ECDC4F200207CD2 /* ADProbe+CoreDataProperties.swift */,
				92F20E581ECDC4F200207CD2 /* ADProbeList+CoreDataClass.swift */,
				92F20E591ECDC4F200207CD2 /* ADProbeList+CoreDataProperties.swift */,
			);
			path = Model;
			sourceTree = "<group>";
		};
		92C018321ECC5FC100BC546D /* ViewModels */ = {
			isa = PBXGroup;
			children = (
				92F20E531ECD838E00207CD2 /* HomePageViewModel.swift */,
				92C018361ECC64E800BC546D /* SettingPageViewModel.swift */,
			);
			path = ViewModels;
			sourceTree = "<group>";
		};
		92C018331ECC5FC100BC546D /* Views */ = {
			isa = PBXGroup;
			children = (
			);
			path = Views;
			sourceTree = "<group>";
		};
		92CFEA661ECA88B2004673DB /* SettingPageViewController */ = {
			isa = PBXGroup;
			children = (
				92CFEA681ECA88D3004673DB /* SettingPageViewController.swift */,
			);
			path = SettingPageViewController;
			sourceTree = "<group>";
		};
		92CFEA671ECA88BD004673DB /* TablePageViewController */ = {
			isa = PBXGroup;
			children = (
				92CFEA6A1ECA88E3004673DB /* TablePageViewController.swift */,
			);
			path = TablePageViewController;
			sourceTree = "<group>";
		};
		92CFEA6C1ECA89F6004673DB /* NavigationController */ = {
			isa = PBXGroup;
			children = (
				92CFEA6D1ECA8A1C004673DB /* NavigationController.swift */,
			);
			path = NavigationController;
			sourceTree = "<group>";
		};
		92F20E4A1ECD488F00207CD2 /* libs */ = {
			isa = PBXGroup;
			children = (
				92F20E4B1ECD48A600207CD2 /* BlueTooth */,
			);
			path = libs;
			sourceTree = "<group>";
		};
		92F20E4B1ECD48A600207CD2 /* BlueTooth */ = {
			isa = PBXGroup;
			children = (
				92F20E4C1ECD48AC00207CD2 /* BLEManager.h */,
				92F20E4D1ECD48AC00207CD2 /* BLEManager.m */,
			);
			path = BlueTooth;
			sourceTree = "<group>";
		};
		ED08992B9FB1BF844F391627 /* Pods */ = {
			isa = PBXGroup;
			children = (
				23D5E29C62ED09C7B55FAA7D /* Pods-ADTemView.debug.xcconfig */,
				9060848F9D75705887C1AA65 /* Pods-ADTemView.release.xcconfig */,
				0FA2754782DFD9B00F9FEC75 /* Pods-ADTemViewTests.debug.xcconfig */,
				8041DD52C9708B3D7EACDF0A /* Pods-ADTemViewTests.release.xcconfig */,
				294DE1422912E6144E8CAACC /* Pods-ADTemViewUITests.debug.xcconfig */,
				7CBE94BC31B88B0E73DFD636 /* Pods-ADTemViewUITests.release.xcconfig */,
			);
			name = Pods;
			sourceTree = "<group>";
		};
/* End PBXGroup section */

/* Begin PBXNativeTarget section */
		76D5ED2F1EC9945A0077D20C /* ADTemView */ = {
			isa = PBXNativeTarget;
			buildConfigurationList = 76D5ED5B1EC9945E0077D20C /* Build configuration list for PBXNativeTarget "ADTemView" */;
			buildPhases = (
				CF2304AABA3D88D806C7CAAB /* [CP] Check Pods Manifest.lock */,
				76D5ED2C1EC9945A0077D20C /* Sources */,
				76D5ED2D1EC9945A0077D20C /* Frameworks */,
				76D5ED2E1EC9945A0077D20C /* Resources */,
				DCF53069DC39496DA38FFF59 /* [CP] Embed Pods Frameworks */,
				7F211DD5995D2A61F4653B50 /* [CP] Copy Pods Resources */,
			);
			buildRules = (
			);
			dependencies = (
			);
			name = ADTemView;
			productName = ADTemView;
			productReference = 76D5ED301EC9945A0077D20C /* ADTemView.app */;
			productType = "com.apple.product-type.application";
		};
		76D5ED461EC9945E0077D20C /* ADTemViewTests */ = {
			isa = PBXNativeTarget;
			buildConfigurationList = 76D5ED5E1EC9945E0077D20C /* Build configuration list for PBXNativeTarget "ADTemViewTests" */;
			buildPhases = (
				5CA8D2AFAC9A8596BA204BF7 /* [CP] Check Pods Manifest.lock */,
				76D5ED431EC9945E0077D20C /* Sources */,
				76D5ED441EC9945E0077D20C /* Frameworks */,
				76D5ED451EC9945E0077D20C /* Resources */,
				319F6F081D4C3E9EEA982EB5 /* [CP] Embed Pods Frameworks */,
				F4F7EA6937D06F61B8E4FAFC /* [CP] Copy Pods Resources */,
			);
			buildRules = (
			);
			dependencies = (
				76D5ED491EC9945E0077D20C /* PBXTargetDependency */,
			);
			name = ADTemViewTests;
			productName = ADTemViewTests;
			productReference = 76D5ED471EC9945E0077D20C /* ADTemViewTests.xctest */;
			productType = "com.apple.product-type.bundle.unit-test";
		};
		76D5ED511EC9945E0077D20C /* ADTemViewUITests */ = {
			isa = PBXNativeTarget;
			buildConfigurationList = 76D5ED611EC9945E0077D20C /* Build configuration list for PBXNativeTarget "ADTemViewUITests" */;
			buildPhases = (
				39FA74558B6A50D464C961DF /* [CP] Check Pods Manifest.lock */,
				76D5ED4E1EC9945E0077D20C /* Sources */,
				76D5ED4F1EC9945E0077D20C /* Frameworks */,
				76D5ED501EC9945E0077D20C /* Resources */,
				3953F4907527870CBDDAECC3 /* [CP] Embed Pods Frameworks */,
				8BD56E4D7E20AC8746A66434 /* [CP] Copy Pods Resources */,
			);
			buildRules = (
			);
			dependencies = (
				76D5ED541EC9945E0077D20C /* PBXTargetDependency */,
			);
			name = ADTemViewUITests;
			productName = ADTemViewUITests;
			productReference = 76D5ED521EC9945E0077D20C /* ADTemViewUITests.xctest */;
			productType = "com.apple.product-type.bundle.ui-testing";
		};
/* End PBXNativeTarget section */

/* Begin PBXProject section */
		76D5ED281EC9945A0077D20C /* Project object */ = {
			isa = PBXProject;
			attributes = {
				LastSwiftUpdateCheck = 0830;
				LastUpgradeCheck = 0830;
				ORGANIZATIONNAME = AD.org;
				TargetAttributes = {
					76D5ED2F1EC9945A0077D20C = {
						CreatedOnToolsVersion = 8.3.2;
						DevelopmentTeam = 4D49NLC4WA;
						ProvisioningStyle = Automatic;
						SystemCapabilities = {
							com.apple.BackgroundModes = {
								enabled = 1;
							};
						};
					};
					76D5ED461EC9945E0077D20C = {
						CreatedOnToolsVersion = 8.3.2;
						DevelopmentTeam = 4D49NLC4WA;
						ProvisioningStyle = Automatic;
						TestTargetID = 76D5ED2F1EC9945A0077D20C;
					};
					76D5ED511EC9945E0077D20C = {
						CreatedOnToolsVersion = 8.3.2;
						DevelopmentTeam = 4D49NLC4WA;
						ProvisioningStyle = Automatic;
						TestTargetID = 76D5ED2F1EC9945A0077D20C;
					};
				};
			};
			buildConfigurationList = 76D5ED2B1EC9945A0077D20C /* Build configuration list for PBXProject "ADTemView" */;
			compatibilityVersion = "Xcode 3.2";
			developmentRegion = English;
			hasScannedForEncodings = 0;
			knownRegions = (
				en,
				Base,
			);
			mainGroup = 76D5ED271EC9945A0077D20C;
			productRefGroup = 76D5ED311EC9945A0077D20C /* Products */;
			projectDirPath = "";
			projectRoot = "";
			targets = (
				76D5ED2F1EC9945A0077D20C /* ADTemView */,
				76D5ED461EC9945E0077D20C /* ADTemViewTests */,
				76D5ED511EC9945E0077D20C /* ADTemViewUITests */,
			);
		};
/* End PBXProject section */

/* Begin PBXResourcesBuildPhase section */
		76D5ED2E1EC9945A0077D20C /* Resources */ = {
			isa = PBXResourcesBuildPhase;
			buildActionMask = 2147483647;
			files = (
				76D5ED411EC9945D0077D20C /* LaunchScreen.storyboard in Resources */,
				76D5ED3E1EC9945D0077D20C /* Assets.xcassets in Resources */,
				76D5ED391EC9945C0077D20C /* Main.storyboard in Resources */,
			);
			runOnlyForDeploymentPostprocessing = 0;
		};
		76D5ED451EC9945E0077D20C /* Resources */ = {
			isa = PBXResourcesBuildPhase;
			buildActionMask = 2147483647;
			files = (
			);
			runOnlyForDeploymentPostprocessing = 0;
		};
		76D5ED501EC9945E0077D20C /* Resources */ = {
			isa = PBXResourcesBuildPhase;
			buildActionMask = 2147483647;
			files = (
			);
			runOnlyForDeploymentPostprocessing = 0;
		};
/* End PBXResourcesBuildPhase section */

/* Begin PBXShellScriptBuildPhase section */
		319F6F081D4C3E9EEA982EB5 /* [CP] Embed Pods Frameworks */ = {
			isa = PBXShellScriptBuildPhase;
			buildActionMask = 2147483647;
			files = (
			);
			inputPaths = (
			);
			name = "[CP] Embed Pods Frameworks";
			outputPaths = (
			);
			runOnlyForDeploymentPostprocessing = 0;
			shellPath = /bin/sh;
			shellScript = "\"${SRCROOT}/Pods/Target Support Files/Pods-ADTemViewTests/Pods-ADTemViewTests-frameworks.sh\"\n";
			showEnvVarsInLog = 0;
		};
		3953F4907527870CBDDAECC3 /* [CP] Embed Pods Frameworks */ = {
			isa = PBXShellScriptBuildPhase;
			buildActionMask = 2147483647;
			files = (
			);
			inputPaths = (
			);
			name = "[CP] Embed Pods Frameworks";
			outputPaths = (
			);
			runOnlyForDeploymentPostprocessing = 0;
			shellPath = /bin/sh;
			shellScript = "\"${SRCROOT}/Pods/Target Support Files/Pods-ADTemViewUITests/Pods-ADTemViewUITests-frameworks.sh\"\n";
			showEnvVarsInLog = 0;
		};
		39FA74558B6A50D464C961DF /* [CP] Check Pods Manifest.lock */ = {
			isa = PBXShellScriptBuildPhase;
			buildActionMask = 2147483647;
			files = (
			);
			inputPaths = (
			);
			name = "[CP] Check Pods Manifest.lock";
			outputPaths = (
			);
			runOnlyForDeploymentPostprocessing = 0;
			shellPath = /bin/sh;
			shellScript = "diff \"${PODS_PODFILE_DIR_PATH}/Podfile.lock\" \"${PODS_ROOT}/Manifest.lock\" > /dev/null\nif [ $? != 0 ] ; then\n    # print error to STDERR\n    echo \"error: The sandbox is not in sync with the Podfile.lock. Run 'pod install' or update your CocoaPods installation.\" >&2\n    exit 1\nfi\n";
			showEnvVarsInLog = 0;
		};
		5CA8D2AFAC9A8596BA204BF7 /* [CP] Check Pods Manifest.lock */ = {
			isa = PBXShellScriptBuildPhase;
			buildActionMask = 2147483647;
			files = (
			);
			inputPaths = (
			);
			name = "[CP] Check Pods Manifest.lock";
			outputPaths = (
			);
			runOnlyForDeploymentPostprocessing = 0;
			shellPath = /bin/sh;
			shellScript = "diff \"${PODS_PODFILE_DIR_PATH}/Podfile.lock\" \"${PODS_ROOT}/Manifest.lock\" > /dev/null\nif [ $? != 0 ] ; then\n    # print error to STDERR\n    echo \"error: The sandbox is not in sync with the Podfile.lock. Run 'pod install' or update your CocoaPods installation.\" >&2\n    exit 1\nfi\n";
			showEnvVarsInLog = 0;
		};
		7F211DD5995D2A61F4653B50 /* [CP] Copy Pods Resources */ = {
			isa = PBXShellScriptBuildPhase;
			buildActionMask = 2147483647;
			files = (
			);
			inputPaths = (
			);
			name = "[CP] Copy Pods Resources";
			outputPaths = (
			);
			runOnlyForDeploymentPostprocessing = 0;
			shellPath = /bin/sh;
			shellScript = "\"${SRCROOT}/Pods/Target Support Files/Pods-ADTemView/Pods-ADTemView-resources.sh\"\n";
			showEnvVarsInLog = 0;
		};
		8BD56E4D7E20AC8746A66434 /* [CP] Copy Pods Resources */ = {
			isa = PBXShellScriptBuildPhase;
			buildActionMask = 2147483647;
			files = (
			);
			inputPaths = (
			);
			name = "[CP] Copy Pods Resources";
			outputPaths = (
			);
			runOnlyForDeploymentPostprocessing = 0;
			shellPath = /bin/sh;
			shellScript = "\"${SRCROOT}/Pods/Target Support Files/Pods-ADTemViewUITests/Pods-ADTemViewUITests-resources.sh\"\n";
			showEnvVarsInLog = 0;
		};
		CF2304AABA3D88D806C7CAAB /* [CP] Check Pods Manifest.lock */ = {
			isa = PBXShellScriptBuildPhase;
			buildActionMask = 2147483647;
			files = (
			);
			inputPaths = (
			);
			name = "[CP] Check Pods Manifest.lock";
			outputPaths = (
			);
			runOnlyForDeploymentPostprocessing = 0;
			shellPath = /bin/sh;
			shellScript = "diff \"${PODS_PODFILE_DIR_PATH}/Podfile.lock\" \"${PODS_ROOT}/Manifest.lock\" > /dev/null\nif [ $? != 0 ] ; then\n    # print error to STDERR\n    echo \"error: The sandbox is not in sync with the Podfile.lock. Run 'pod install' or update your CocoaPods installation.\" >&2\n    exit 1\nfi\n";
			showEnvVarsInLog = 0;
		};
		DCF53069DC39496DA38FFF59 /* [CP] Embed Pods Frameworks */ = {
			isa = PBXShellScriptBuildPhase;
			buildActionMask = 2147483647;
			files = (
			);
			inputPaths = (
			);
			name = "[CP] Embed Pods Frameworks";
			outputPaths = (
			);
			runOnlyForDeploymentPostprocessing = 0;
			shellPath = /bin/sh;
			shellScript = "\"${SRCROOT}/Pods/Target Support Files/Pods-ADTemView/Pods-ADTemView-frameworks.sh\"\n";
			showEnvVarsInLog = 0;
		};
		F4F7EA6937D06F61B8E4FAFC /* [CP] Copy Pods Resources */ = {
			isa = PBXShellScriptBuildPhase;
			buildActionMask = 2147483647;
			files = (
			);
			inputPaths = (
			);
			name = "[CP] Copy Pods Resources";
			outputPaths = (
			);
			runOnlyForDeploymentPostprocessing = 0;
			shellPath = /bin/sh;
			shellScript = "\"${SRCROOT}/Pods/Target Support Files/Pods-ADTemViewTests/Pods-ADTemViewTests-resources.sh\"\n";
			showEnvVarsInLog = 0;
		};
/* End PBXShellScriptBuildPhase section */

/* Begin PBXSourcesBuildPhase section */
		76D5ED2C1EC9945A0077D20C /* Sources */ = {
			isa = PBXSourcesBuildPhase;
			buildActionMask = 2147483647;
			files = (
				9204E7AC1ECE14BA005C382D /* ADProbeList+CoreDataProperties.swift in Sources */,
				9204E7AB1ECE148C005C382D /* ADProbe+CoreDataProperties.swift in Sources */,
				9204E7AA1ECDE260005C382D /* ADProbe+CoreDataClass.swift in Sources */,
				9204E7A91ECDE25A005C382D /* ADProbeList+CoreDataClass.swift in Sources */,
				76D5ED751EC9A02E0077D20C /* ADTemView.swift in Sources */,
				76D5ED711EC99D2A0077D20C /* StartPageViewController.swift in Sources */,
				92F20E541ECD838E00207CD2 /* HomePageViewModel.swift in Sources */,
				76D5ED6E1EC99C100077D20C /* ADBaseViewController.swift in Sources */,
				92F20E5F1ECDC6C000207CD2 /* ProbeManager.swift in Sources */,
				92CFEA7A1ECB197C004673DB /* BLETableViewController.swift in Sources */,
				92CFEA691ECA88D3004673DB /* SettingPageViewController.swift in Sources */,
				76D5ED791EC9A92C0077D20C /* StartPageSelectBLETableViewController.swift in Sources */,
				76D5ED3C1EC9945D0077D20C /* ADTemView.xcdatamodeld in Sources */,
				92C0182A1ECBF06100BC546D /* Extension.swift in Sources */,
				76D5ED771EC9A8930077D20C /* Enum.swift in Sources */,
				76D5ED341EC9945B0077D20C /* AppDelegate.swift in Sources */,
				92C018371ECC64E800BC546D /* SettingPageViewModel.swift in Sources */,
				92F20E4E1ECD48AC00207CD2 /* BLEManager.m in Sources */,
				92CFEA781ECB10F6004673DB /* EditProbeInfoTableViewController.swift in Sources */,
				92CFEA6E1ECA8A1C004673DB /* NavigationController.swift in Sources */,
				92CFEA6B1ECA88E3004673DB /* TablePageViewController.swift in Sources */,
				76D5ED7F1EC9C7F20077D20C /* HomePageViewController.swift in Sources */,
				76D5ED731EC9A00B0077D20C /* Constant.swift in Sources */,
			);
			runOnlyForDeploymentPostprocessing = 0;
		};
		76D5ED431EC9945E0077D20C /* Sources */ = {
			isa = PBXSourcesBuildPhase;
			buildActionMask = 2147483647;
			files = (
				76D5ED4C1EC9945E0077D20C /* ADTemViewTests.swift in Sources */,
			);
			runOnlyForDeploymentPostprocessing = 0;
		};
		76D5ED4E1EC9945E0077D20C /* Sources */ = {
			isa = PBXSourcesBuildPhase;
			buildActionMask = 2147483647;
			files = (
				76D5ED571EC9945E0077D20C /* ADTemViewUITests.swift in Sources */,
			);
			runOnlyForDeploymentPostprocessing = 0;
		};
/* End PBXSourcesBuildPhase section */

/* Begin PBXTargetDependency section */
		76D5ED491EC9945E0077D20C /* PBXTargetDependency */ = {
			isa = PBXTargetDependency;
			target = 76D5ED2F1EC9945A0077D20C /* ADTemView */;
			targetProxy = 76D5ED481EC9945E0077D20C /* PBXContainerItemProxy */;
		};
		76D5ED541EC9945E0077D20C /* PBXTargetDependency */ = {
			isa = PBXTargetDependency;
			target = 76D5ED2F1EC9945A0077D20C /* ADTemView */;
			targetProxy = 76D5ED531EC9945E0077D20C /* PBXContainerItemProxy */;
		};
/* End PBXTargetDependency section */

/* Begin PBXVariantGroup section */
		76D5ED371EC9945C0077D20C /* Main.storyboard */ = {
			isa = PBXVariantGroup;
			children = (
				76D5ED381EC9945C0077D20C /* Base */,
			);
			name = Main.storyboard;
			sourceTree = "<group>";
		};
		76D5ED3F1EC9945D0077D20C /* LaunchScreen.storyboard */ = {
			isa = PBXVariantGroup;
			children = (
				76D5ED401EC9945D0077D20C /* Base */,
			);
			name = LaunchScreen.storyboard;
			sourceTree = "<group>";
		};
/* End PBXVariantGroup section */

/* Begin XCBuildConfiguration section */
		76D5ED591EC9945E0077D20C /* Debug */ = {
			isa = XCBuildConfiguration;
			buildSettings = {
				ALWAYS_SEARCH_USER_PATHS = NO;
				CLANG_ANALYZER_NONNULL = YES;
				CLANG_ANALYZER_NUMBER_OBJECT_CONVERSION = YES_AGGRESSIVE;
				CLANG_CXX_LANGUAGE_STANDARD = "gnu++0x";
				CLANG_CXX_LIBRARY = "libc++";
				CLANG_ENABLE_MODULES = YES;
				CLANG_ENABLE_OBJC_ARC = YES;
				CLANG_WARN_BOOL_CONVERSION = YES;
				CLANG_WARN_CONSTANT_CONVERSION = YES;
				CLANG_WARN_DIRECT_OBJC_ISA_USAGE = YES_ERROR;
				CLANG_WARN_DOCUMENTATION_COMMENTS = YES;
				CLANG_WARN_EMPTY_BODY = YES;
				CLANG_WARN_ENUM_CONVERSION = YES;
				CLANG_WARN_INFINITE_RECURSION = YES;
				CLANG_WARN_INT_CONVERSION = YES;
				CLANG_WARN_OBJC_ROOT_CLASS = YES_ERROR;
				CLANG_WARN_SUSPICIOUS_MOVE = YES;
				CLANG_WARN_UNREACHABLE_CODE = YES;
				CLANG_WARN__DUPLICATE_METHOD_MATCH = YES;
				"CODE_SIGN_IDENTITY[sdk=iphoneos*]" = "iPhone Developer";
				COPY_PHASE_STRIP = NO;
				DEBUG_INFORMATION_FORMAT = dwarf;
				ENABLE_STRICT_OBJC_MSGSEND = YES;
				ENABLE_TESTABILITY = YES;
				GCC_C_LANGUAGE_STANDARD = gnu99;
				GCC_DYNAMIC_NO_PIC = NO;
				GCC_NO_COMMON_BLOCKS = YES;
				GCC_OPTIMIZATION_LEVEL = 0;
				GCC_PREPROCESSOR_DEFINITIONS = (
					"DEBUG=1",
					"$(inherited)",
				);
				GCC_WARN_64_TO_32_BIT_CONVERSION = YES;
				GCC_WARN_ABOUT_RETURN_TYPE = YES_ERROR;
				GCC_WARN_UNDECLARED_SELECTOR = YES;
				GCC_WARN_UNINITIALIZED_AUTOS = YES_AGGRESSIVE;
				GCC_WARN_UNUSED_FUNCTION = YES;
				GCC_WARN_UNUSED_VARIABLE = YES;
				IPHONEOS_DEPLOYMENT_TARGET = 10.3;
				MTL_ENABLE_DEBUG_INFO = YES;
				ONLY_ACTIVE_ARCH = YES;
				SDKROOT = iphoneos;
				SWIFT_ACTIVE_COMPILATION_CONDITIONS = DEBUG;
				SWIFT_OPTIMIZATION_LEVEL = "-Onone";
			};
			name = Debug;
		};
		76D5ED5A1EC9945E0077D20C /* Release */ = {
			isa = XCBuildConfiguration;
			buildSettings = {
				ALWAYS_SEARCH_USER_PATHS = NO;
				CLANG_ANALYZER_NONNULL = YES;
				CLANG_ANALYZER_NUMBER_OBJECT_CONVERSION = YES_AGGRESSIVE;
				CLANG_CXX_LANGUAGE_STANDARD = "gnu++0x";
				CLANG_CXX_LIBRARY = "libc++";
				CLANG_ENABLE_MODULES = YES;
				CLANG_ENABLE_OBJC_ARC = YES;
				CLANG_WARN_BOOL_CONVERSION = YES;
				CLANG_WARN_CONSTANT_CONVERSION = YES;
				CLANG_WARN_DIRECT_OBJC_ISA_USAGE = YES_ERROR;
				CLANG_WARN_DOCUMENTATION_COMMENTS = YES;
				CLANG_WARN_EMPTY_BODY = YES;
				CLANG_WARN_ENUM_CONVERSION = YES;
				CLANG_WARN_INFINITE_RECURSION = YES;
				CLANG_WARN_INT_CONVERSION = YES;
				CLANG_WARN_OBJC_ROOT_CLASS = YES_ERROR;
				CLANG_WARN_SUSPICIOUS_MOVE = YES;
				CLANG_WARN_UNREACHABLE_CODE = YES;
				CLANG_WARN__DUPLICATE_METHOD_MATCH = YES;
				"CODE_SIGN_IDENTITY[sdk=iphoneos*]" = "iPhone Developer";
				COPY_PHASE_STRIP = NO;
				DEBUG_INFORMATION_FORMAT = "dwarf-with-dsym";
				ENABLE_NS_ASSERTIONS = NO;
				ENABLE_STRICT_OBJC_MSGSEND = YES;
				GCC_C_LANGUAGE_STANDARD = gnu99;
				GCC_NO_COMMON_BLOCKS = YES;
				GCC_WARN_64_TO_32_BIT_CONVERSION = YES;
				GCC_WARN_ABOUT_RETURN_TYPE = YES_ERROR;
				GCC_WARN_UNDECLARED_SELECTOR = YES;
				GCC_WARN_UNINITIALIZED_AUTOS = YES_AGGRESSIVE;
				GCC_WARN_UNUSED_FUNCTION = YES;
				GCC_WARN_UNUSED_VARIABLE = YES;
				IPHONEOS_DEPLOYMENT_TARGET = 10.3;
				MTL_ENABLE_DEBUG_INFO = NO;
				SDKROOT = iphoneos;
				SWIFT_OPTIMIZATION_LEVEL = "-Owholemodule";
				VALIDATE_PRODUCT = YES;
			};
			name = Release;
		};
		76D5ED5C1EC9945E0077D20C /* Debug */ = {
			isa = XCBuildConfiguration;
			baseConfigurationReference = 23D5E29C62ED09C7B55FAA7D /* Pods-ADTemView.debug.xcconfig */;
			buildSettings = {
				ASSETCATALOG_COMPILER_APPICON_NAME = AppIcon;
				DEVELOPMENT_TEAM = 4D49NLC4WA;
				FRAMEWORK_SEARCH_PATHS = (
					"$(inherited)",
					"$(PROJECT_DIR)/build/Debug-iphoneos/MBProgressHUD",
				);
				INFOPLIST_FILE = ADTemView/Info.plist;
				IPHONEOS_DEPLOYMENT_TARGET = 10.0;
				LD_RUNPATH_SEARCH_PATHS = "$(inherited) @executable_path/Frameworks";
				PRODUCT_BUNDLE_IDENTIFIER = com.skylight.dad.ADTemView;
				PRODUCT_NAME = "$(TARGET_NAME)";
				SWIFT_OBJC_BRIDGING_HEADER = "ADTemView/ADTemView-Briding-Header.h";
				SWIFT_VERSION = 3.0;
				USER_HEADER_SEARCH_PATHS = "${SRCROOT}/**";
			};
			name = Debug;
		};
		76D5ED5D1EC9945E0077D20C /* Release */ = {
			isa = XCBuildConfiguration;
			baseConfigurationReference = 9060848F9D75705887C1AA65 /* Pods-ADTemView.release.xcconfig */;
			buildSettings = {
				ASSETCATALOG_COMPILER_APPICON_NAME = AppIcon;
				DEVELOPMENT_TEAM = 4D49NLC4WA;
				FRAMEWORK_SEARCH_PATHS = (
					"$(inherited)",
					"$(PROJECT_DIR)/build/Debug-iphoneos/MBProgressHUD",
				);
				INFOPLIST_FILE = ADTemView/Info.plist;
				IPHONEOS_DEPLOYMENT_TARGET = 10.0;
				LD_RUNPATH_SEARCH_PATHS = "$(inherited) @executable_path/Frameworks";
				PRODUCT_BUNDLE_IDENTIFIER = com.skylight.dad.ADTemView;
				PRODUCT_NAME = "$(TARGET_NAME)";
				SWIFT_OBJC_BRIDGING_HEADER = "ADTemView/ADTemView-Briding-Header.h";
				SWIFT_VERSION = 3.0;
				USER_HEADER_SEARCH_PATHS = "${SRCROOT}/**";
			};
			name = Release;
		};
		76D5ED5F1EC9945E0077D20C /* Debug */ = {
			isa = XCBuildConfiguration;
			baseConfigurationReference = 0FA2754782DFD9B00F9FEC75 /* Pods-ADTemViewTests.debug.xcconfig */;
			buildSettings = {
				ALWAYS_EMBED_SWIFT_STANDARD_LIBRARIES = YES;
				BUNDLE_LOADER = "$(TEST_HOST)";
				DEVELOPMENT_TEAM = 4D49NLC4WA;
				INFOPLIST_FILE = ADTemViewTests/Info.plist;
				LD_RUNPATH_SEARCH_PATHS = "$(inherited) @executable_path/Frameworks @loader_path/Frameworks";
				PRODUCT_BUNDLE_IDENTIFIER = com.skylight.dad.ADTemViewTests;
				PRODUCT_NAME = "$(TARGET_NAME)";
				SWIFT_VERSION = 3.0;
				TEST_HOST = "$(BUILT_PRODUCTS_DIR)/ADTemView.app/ADTemView";
			};
			name = Debug;
		};
		76D5ED601EC9945E0077D20C /* Release */ = {
			isa = XCBuildConfiguration;
			baseConfigurationReference = 8041DD52C9708B3D7EACDF0A /* Pods-ADTemViewTests.release.xcconfig */;
			buildSettings = {
				ALWAYS_EMBED_SWIFT_STANDARD_LIBRARIES = YES;
				BUNDLE_LOADER = "$(TEST_HOST)";
				DEVELOPMENT_TEAM = 4D49NLC4WA;
				INFOPLIST_FILE = ADTemViewTests/Info.plist;
				LD_RUNPATH_SEARCH_PATHS = "$(inherited) @executable_path/Frameworks @loader_path/Frameworks";
				PRODUCT_BUNDLE_IDENTIFIER = com.skylight.dad.ADTemViewTests;
				PRODUCT_NAME = "$(TARGET_NAME)";
				SWIFT_VERSION = 3.0;
				TEST_HOST = "$(BUILT_PRODUCTS_DIR)/ADTemView.app/ADTemView";
			};
			name = Release;
		};
		76D5ED621EC9945E0077D20C /* Debug */ = {
			isa = XCBuildConfiguration;
			baseConfigurationReference = 294DE1422912E6144E8CAACC /* Pods-ADTemViewUITests.debug.xcconfig */;
			buildSettings = {
				ALWAYS_EMBED_SWIFT_STANDARD_LIBRARIES = YES;
				DEVELOPMENT_TEAM = 4D49NLC4WA;
				INFOPLIST_FILE = ADTemViewUITests/Info.plist;
				LD_RUNPATH_SEARCH_PATHS = "$(inherited) @executable_path/Frameworks @loader_path/Frameworks";
				PRODUCT_BUNDLE_IDENTIFIER = com.skylight.dad.ADTemViewUITests;
				PRODUCT_NAME = "$(TARGET_NAME)";
				SWIFT_VERSION = 3.0;
				TEST_TARGET_NAME = ADTemView;
			};
			name = Debug;
		};
		76D5ED631EC9945E0077D20C /* Release */ = {
			isa = XCBuildConfiguration;
			baseConfigurationReference = 7CBE94BC31B88B0E73DFD636 /* Pods-ADTemViewUITests.release.xcconfig */;
			buildSettings = {
				ALWAYS_EMBED_SWIFT_STANDARD_LIBRARIES = YES;
				DEVELOPMENT_TEAM = 4D49NLC4WA;
				INFOPLIST_FILE = ADTemViewUITests/Info.plist;
				LD_RUNPATH_SEARCH_PATHS = "$(inherited) @executable_path/Frameworks @loader_path/Frameworks";
				PRODUCT_BUNDLE_IDENTIFIER = com.skylight.dad.ADTemViewUITests;
				PRODUCT_NAME = "$(TARGET_NAME)";
				SWIFT_VERSION = 3.0;
				TEST_TARGET_NAME = ADTemView;
			};
			name = Release;
		};
/* End XCBuildConfiguration section */

/* Begin XCConfigurationList section */
		76D5ED2B1EC9945A0077D20C /* Build configuration list for PBXProject "ADTemView" */ = {
			isa = XCConfigurationList;
			buildConfigurations = (
				76D5ED591EC9945E0077D20C /* Debug */,
				76D5ED5A1EC9945E0077D20C /* Release */,
			);
			defaultConfigurationIsVisible = 0;
			defaultConfigurationName = Release;
		};
		76D5ED5B1EC9945E0077D20C /* Build configuration list for PBXNativeTarget "ADTemView" */ = {
			isa = XCConfigurationList;
			buildConfigurations = (
				76D5ED5C1EC9945E0077D20C /* Debug */,
				76D5ED5D1EC9945E0077D20C /* Release */,
			);
			defaultConfigurationIsVisible = 0;
			defaultConfigurationName = Release;
		};
		76D5ED5E1EC9945E0077D20C /* Build configuration list for PBXNativeTarget "ADTemViewTests" */ = {
			isa = XCConfigurationList;
			buildConfigurations = (
				76D5ED5F1EC9945E0077D20C /* Debug */,
				76D5ED601EC9945E0077D20C /* Release */,
			);
			defaultConfigurationIsVisible = 0;
			defaultConfigurationName = Release;
		};
		76D5ED611EC9945E0077D20C /* Build configuration list for PBXNativeTarget "ADTemViewUITests" */ = {
			isa = XCConfigurationList;
			buildConfigurations = (
				76D5ED621EC9945E0077D20C /* Debug */,
				76D5ED631EC9945E0077D20C /* Release */,
			);
			defaultConfigurationIsVisible = 0;
			defaultConfigurationName = Release;
		};
/* End XCConfigurationList section */

/* Begin XCVersionGroup section */
		76D5ED3A1EC9945D0077D20C /* ADTemView.xcdatamodeld */ = {
			isa = XCVersionGroup;
			children = (
				76D5ED3B1EC9945D0077D20C /* ADTemView.xcdatamodel */,
			);
			currentVersion = 76D5ED3B1EC9945D0077D20C /* ADTemView.xcdatamodel */;
			path = ADTemView.xcdatamodeld;
			sourceTree = "<group>";
			versionGroupType = wrapper.xcdatamodel;
		};
/* End XCVersionGroup section */
	};
	rootObject = 76D5ED281EC9945A0077D20C /* Project object */;
}
